
Microsoft Visual Studio Solution File, Format Version 12.00
# Visual Studio 15
Project("{FAE04EC0-301F-11D3-BF4B-00C04F79EFBC}") = "test tutorial", "Assembly-CSharp-firstpass.csproj", "{877F960C-ABE2-B5EB-7C25-9BD29EF5BBF4}"
EndProject
Project("{FAE04EC0-301F-11D3-BF4B-00C04F79EFBC}") = "test tutorial", "Assembly-CSharp-Editor-firstpass.csproj", "{13968610-E787-53B2-5775-64416D74B7E1}"
EndProject
Global
	GlobalSection(SolutionConfigurationPlatforms) = preSolution
		Debug|Any CPU = Debug|Any CPU
		Release|Any CPU = Release|Any CPU
	EndGlobalSection
	GlobalSection(ProjectConfigurationPlatforms) = postSolution
		{877F960C-ABE2-B5EB-7C25-9BD29EF5BBF4}.Debug|Any CPU.ActiveCfg = Debug|Any CPU
		{877F960C-ABE2-B5EB-7C25-9BD29EF5BBF4}.Debug|Any CPU.Build.0 = Debug|Any CPU
		{877F960C-ABE2-B5EB-7C25-9BD29EF5BBF4}.Release|Any CPU.ActiveCfg = Release|Any CPU
		{877F960C-ABE2-B5EB-7C25-9BD29EF5BBF4}.Release|Any CPU.Build.0 = Release|Any CPU
		{13968610-E787-53B2-5775-64416D74B7E1}.Debug|Any CPU.ActiveCfg = Debug|Any CPU
		{13968610-E787-53B2-5775-64416D74B7E1}.Debug|Any CPU.Build.0 = Debug|Any CPU
		{13968610-E787-53B2-5775-64416D74B7E1}.Release|Any CPU.ActiveCfg = Release|Any CPU
		{13968610-E787-53B2-5775-64416D74B7E1}.Release|Any CPU.Build.0 = Release|Any CPU
	EndGlobalSection
	GlobalSection(SolutionProperties) = preSolution
		HideSolutionNode = FALSE
	EndGlobalSection
EndGlobal
